
Microsoft Visual Studio Solution File, Format Version 12.00
# Visual Studio Version 16
VisualStudioVersion = 16.0.30011.22
MinimumVisualStudioVersion = 10.0.40219.1
Project("{9A19103F-16F7-4668-BE54-9A1E7A4F7556}") = "DadJokeGenerator", "DadJokeGenerator\DadJokeGenerator.csproj", "{836C6D76-E3F5-4A53-ABB8-00BB7C007E4F}"
EndProject
Project("{E53339B2-1760-4266-BCC7-CA923CBCF16C}") = "docker-compose", "docker-compose.dcproj", "{9C716D2F-A4E9-40F0-8E54-68652A193511}"
EndProject
Global
	GlobalSection(SolutionConfigurationPlatforms) = preSolution
		Debug|Any CPU = Debug|Any CPU
		Release|Any CPU = Release|Any CPU
	EndGlobalSection
	GlobalSection(ProjectConfigurationPlatforms) = postSolution
		{836C6D76-E3F5-4A53-ABB8-00BB7C007E4F}.Debug|Any CPU.ActiveCfg = Debug|Any CPU
		{836C6D76-E3F5-4A53-ABB8-00BB7C007E4F}.Debug|Any CPU.Build.0 = Debug|Any CPU
		{836C6D76-E3F5-4A53-ABB8-00BB7C007E4F}.Release|Any CPU.ActiveCfg = Release|Any CPU
		{836C6D76-E3F5-4A53-ABB8-00BB7C007E4F}.Release|Any CPU.Build.0 = Release|Any CPU
		{9C716D2F-A4E9-40F0-8E54-68652A193511}.Debug|Any CPU.ActiveCfg = Debug|Any CPU
		{9C716D2F-A4E9-40F0-8E54-68652A193511}.Debug|Any CPU.Build.0 = Debug|Any CPU
		{9C716D2F-A4E9-40F0-8E54-68652A193511}.Release|Any CPU.ActiveCfg = Release|Any CPU
		{9C716D2F-A4E9-40F0-8E54-68652A193511}.Release|Any CPU.Build.0 = Release|Any CPU
	EndGlobalSection
	GlobalSection(SolutionProperties) = preSolution
		HideSolutionNode = FALSE
	EndGlobalSection
	GlobalSection(ExtensibilityGlobals) = postSolution
		SolutionGuid = {8C746868-8A36-4900-A0A3-6CF489A5A893}
	EndGlobalSection
EndGlobal
